
Microsoft Visual Studio Solution File, Format Version 12.00
# Visual Studio 15
VisualStudioVersion = 15.0.28307.645
MinimumVisualStudioVersion = 10.0.40219.1
Project("{FAE04EC0-301F-11D3-BF4B-00C04F79EFBC}") = "Com.FrameWork.Security", "Com.FrameWork.Security\Com.FrameWork.Security\Com.FrameWork.Security.csproj", "{6FE3EE1E-AA03-4F47-B6D5-69CA1E3D2336}"
EndProject
Project("{FAE04EC0-301F-11D3-BF4B-00C04F79EFBC}") = "Pwa.Api", "Pwa.Api\Pwa.Api.csproj", "{2D8E4F09-9B57-4244-88C7-267E6BA6B528}"
EndProject
Project("{FAE04EC0-301F-11D3-BF4B-00C04F79EFBC}") = "Pwa.CisService", "Pwa.CisService\Pwa.CisService.csproj", "{2B9047AE-09A1-4C2B-9896-38C6503438C0}"
EndProject
Project("{FAE04EC0-301F-11D3-BF4B-00C04F79EFBC}") = "Pwa.FrameWork", "Pwa.FrameWork\Pwa.FrameWork.csproj", "{F3623214-5AA9-4E24-A72F-E8D3FB107B89}"
EndProject
Project("{FAE04EC0-301F-11D3-BF4B-00C04F79EFBC}") = "Pwa.Web", "Pwa.Web\Pwa.Web.csproj", "{C04F2A04-6B4B-439D-B89D-496E34F80AF8}"
EndProject
Project("{FAE04EC0-301F-11D3-BF4B-00C04F79EFBC}") = "Pwa.Tracking", "Pwa.Tracking\Pwa.Tracking.csproj", "{C5EF690B-5FFC-43E1-93F7-7EB39284716E}"
EndProject
Project("{FAE04EC0-301F-11D3-BF4B-00C04F79EFBC}") = "IC360.ImportService", "IC360.ImportService\IC360.ImportService.csproj", "{0220D0F5-1427-492F-B50E-E5DC1D66F019}"
EndProject
Global
	GlobalSection(SolutionConfigurationPlatforms) = preSolution
		Debug|Any CPU = Debug|Any CPU
		Release|Any CPU = Release|Any CPU
	EndGlobalSection
	GlobalSection(ProjectConfigurationPlatforms) = postSolution
		{6FE3EE1E-AA03-4F47-B6D5-69CA1E3D2336}.Debug|Any CPU.ActiveCfg = Debug|Any CPU
		{6FE3EE1E-AA03-4F47-B6D5-69CA1E3D2336}.Debug|Any CPU.Build.0 = Debug|Any CPU
		{6FE3EE1E-AA03-4F47-B6D5-69CA1E3D2336}.Release|Any CPU.ActiveCfg = Release|Any CPU
		{6FE3EE1E-AA03-4F47-B6D5-69CA1E3D2336}.Release|Any CPU.Build.0 = Release|Any CPU
		{2D8E4F09-9B57-4244-88C7-267E6BA6B528}.Debug|Any CPU.ActiveCfg = Debug|Any CPU
		{2D8E4F09-9B57-4244-88C7-267E6BA6B528}.Debug|Any CPU.Build.0 = Debug|Any CPU
		{2D8E4F09-9B57-4244-88C7-267E6BA6B528}.Release|Any CPU.ActiveCfg = Release|Any CPU
		{2D8E4F09-9B57-4244-88C7-267E6BA6B528}.Release|Any CPU.Build.0 = Release|Any CPU
		{2B9047AE-09A1-4C2B-9896-38C6503438C0}.Debug|Any CPU.ActiveCfg = Debug|Any CPU
		{2B9047AE-09A1-4C2B-9896-38C6503438C0}.Debug|Any CPU.Build.0 = Debug|Any CPU
		{2B9047AE-09A1-4C2B-9896-38C6503438C0}.Release|Any CPU.ActiveCfg = Release|Any CPU
		{2B9047AE-09A1-4C2B-9896-38C6503438C0}.Release|Any CPU.Build.0 = Release|Any CPU
		{F3623214-5AA9-4E24-A72F-E8D3FB107B89}.Debug|Any CPU.ActiveCfg = Debug|Any CPU
		{F3623214-5AA9-4E24-A72F-E8D3FB107B89}.Debug|Any CPU.Build.0 = Debug|Any CPU
		{F3623214-5AA9-4E24-A72F-E8D3FB107B89}.Release|Any CPU.ActiveCfg = Release|Any CPU
		{F3623214-5AA9-4E24-A72F-E8D3FB107B89}.Release|Any CPU.Build.0 = Release|Any CPU
		{C04F2A04-6B4B-439D-B89D-496E34F80AF8}.Debug|Any CPU.ActiveCfg = Debug|Any CPU
		{C04F2A04-6B4B-439D-B89D-496E34F80AF8}.Debug|Any CPU.Build.0 = Debug|Any CPU
		{C04F2A04-6B4B-439D-B89D-496E34F80AF8}.Release|Any CPU.ActiveCfg = Release|Any CPU
		{C04F2A04-6B4B-439D-B89D-496E34F80AF8}.Release|Any CPU.Build.0 = Release|Any CPU
		{C5EF690B-5FFC-43E1-93F7-7EB39284716E}.Debug|Any CPU.ActiveCfg = Debug|Any CPU
		{C5EF690B-5FFC-43E1-93F7-7EB39284716E}.Debug|Any CPU.Build.0 = Debug|Any CPU
		{C5EF690B-5FFC-43E1-93F7-7EB39284716E}.Release|Any CPU.ActiveCfg = Release|Any CPU
		{C5EF690B-5FFC-43E1-93F7-7EB39284716E}.Release|Any CPU.Build.0 = Release|Any CPU
		{0220D0F5-1427-492F-B50E-E5DC1D66F019}.Debug|Any CPU.ActiveCfg = Debug|Any CPU
		{0220D0F5-1427-492F-B50E-E5DC1D66F019}.Debug|Any CPU.Build.0 = Debug|Any CPU
		{0220D0F5-1427-492F-B50E-E5DC1D66F019}.Release|Any CPU.ActiveCfg = Release|Any CPU
		{0220D0F5-1427-492F-B50E-E5DC1D66F019}.Release|Any CPU.Build.0 = Release|Any CPU
	EndGlobalSection
	GlobalSection(SolutionProperties) = preSolution
		HideSolutionNode = FALSE
	EndGlobalSection
	GlobalSection(ExtensibilityGlobals) = postSolution
		SolutionGuid = {0CF70A5C-0E64-4E93-A5DD-6BA5883F1D9A}
	EndGlobalSection
EndGlobal
